// !$*UTF8*$!
{
	archiveVersion = 1;
	classes = {
	};
	objectVersion = 46;
	objects = {

/* Begin PBXBuildFile section */
		C10725461F2D3B030090023D /* PSStackView.xcassets in Resources */ = {isa = PBXBuildFile; fileRef = C10725451F2D3B030090023D /* PSStackView.xcassets */; };
		C1B82EEA1F2BD40D007FFC7E /* AppDelegate.swift in Sources */ = {isa = PBXBuildFile; fileRef = C1B82EE91F2BD40D007FFC7E /* AppDelegate.swift */; };
		C1B82EEC1F2BD40D007FFC7E /* ViewController.swift in Sources */ = {isa = PBXBuildFile; fileRef = C1B82EEB1F2BD40D007FFC7E /* ViewController.swift */; };
		C1B82EEF1F2BD40D007FFC7E /* Main.storyboard in Resources */ = {isa = PBXBuildFile; fileRef = C1B82EED1F2BD40D007FFC7E /* Main.storyboard */; };
		C1B82EF41F2BD40D007FFC7E /* LaunchScreen.storyboard in Resources */ = {isa = PBXBuildFile; fileRef = C1B82EF21F2BD40D007FFC7E /* LaunchScreen.storyboard */; };
		C1B82EFC1F2BD422007FFC7E /* PSStackView.swift in Sources */ = {isa = PBXBuildFile; fileRef = C1B82EFB1F2BD422007FFC7E /* PSStackView.swift */; };
/* End PBXBuildFile section */

/* Begin PBXFileReference section */
		C10725451F2D3B030090023D /* PSStackView.xcassets */ = {isa = PBXFileReference; lastKnownFileType = folder.assetcatalog; path = PSStackView.xcassets; sourceTree = "<group>"; };
		C1B82EE61F2BD40D007FFC7E /* PSStackView.app */ = {isa = PBXFileReference; explicitFileType = wrapper.application; includeInIndex = 0; path = PSStackView.app; sourceTree = BUILT_PRODUCTS_DIR; };
		C1B82EE91F2BD40D007FFC7E /* AppDelegate.swift */ = {isa = PBXFileReference; lastKnownFileType = sourcecode.swift; path = AppDelegate.swift; sourceTree = "<group>"; };
		C1B82EEB1F2BD40D007FFC7E /* ViewController.swift */ = {isa = PBXFileReference; lastKnownFileType = sourcecode.swift; path = ViewController.swift; sourceTree = "<group>"; };
		C1B82EEE1F2BD40D007FFC7E /* Base */ = {isa = PBXFileReference; lastKnownFileType = file.storyboard; name = Base; path = Base.lproj/Main.storyboard; sourceTree = "<group>"; };
		C1B82EF31F2BD40D007FFC7E /* Base */ = {isa = PBXFileReference; lastKnownFileType = file.storyboard; name = Base; path = Base.lproj/LaunchScreen.storyboard; sourceTree = "<group>"; };
		C1B82EF51F2BD40D007FFC7E /* Info.plist */ = {isa = PBXFileReference; lastKnownFileType = text.plist.xml; path = Info.plist; sourceTree = "<group>"; };
		C1B82EFB1F2BD422007FFC7E /* PSStackView.swift */ = {isa = PBXFileReference; fileEncoding = 4; lastKnownFileType = sourcecode.swift; path = PSStackView.swift; sourceTree = "<group>"; };
/* End PBXFileReference section */

/* Begin PBXFrameworksBuildPhase section */
		C1B82EE31F2BD40D007FFC7E /* Frameworks */ = {
			isa = PBXFrameworksBuildPhase;
			buildActionMask = 2147483647;
			files = (
			);
			runOnlyForDeploymentPostprocessing = 0;
		};
/* End PBXFrameworksBuildPhase section */

/* Begin PBXGroup section */
		C1B82EDD1F2BD40D007FFC7E = {
			isa = PBXGroup;
			children = (
				C1B82EE81F2BD40D007FFC7E /* PSStackView */,
				C1B82EE71F2BD40D007FFC7E /* Products */,
			);
			sourceTree = "<group>";
		};
		C1B82EE71F2BD40D007FFC7E /* Products */ = {
			isa = PBXGroup;
			children = (
				C1B82EE61F2BD40D007FFC7E /* PSStackView.app */,
			);
			name = Products;
			sourceTree = "<group>";
		};
		C1B82EE81F2BD40D007FFC7E /* PSStackView */ = {
			isa = PBXGroup;
			children = (
				C1B82EE91F2BD40D007FFC7E /* AppDelegate.swift */,
				C1B82EEB1F2BD40D007FFC7E /* ViewController.swift */,
				C1B82EFB1F2BD422007FFC7E /* PSStackView.swift */,
				C10725451F2D3B030090023D /* PSStackView.xcassets */,
				C1B82EED1F2BD40D007FFC7E /* Main.storyboard */,
				C1B82EF21F2BD40D007FFC7E /* LaunchScreen.storyboard */,
				C1B82EF51F2BD40D007FFC7E /* Info.plist */,
			);
			path = PSStackView;
			sourceTree = "<group>";
		};
/* End PBXGroup section */

/* Begin PBXNativeTarget section */
		C1B82EE51F2BD40D007FFC7E /* PSStackView */ = {
			isa = PBXNativeTarget;
			buildConfigurationList = C1B82EF81F2BD40D007FFC7E /* Build configuration list for PBXNativeTarget "PSStackView" */;
			buildPhases = (
				C1B82EE21F2BD40D007FFC7E /* Sources */,
				C1B82EE31F2BD40D007FFC7E /* Frameworks */,
				C1B82EE41F2BD40D007FFC7E /* Resources */,
			);
			buildRules = (
			);
			dependencies = (
			);
			name = PSStackView;
			productName = PSStackView;
			productReference = C1B82EE61F2BD40D007FFC7E /* PSStackView.app */;
			productType = "com.apple.product-type.application";
		};
/* End PBXNativeTarget section */

/* Begin PBXProject section */
		C1B82EDE1F2BD40D007FFC7E /* Project object */ = {
			isa = PBXProject;
			attributes = {
				LastSwiftUpdateCheck = 0830;
				LastUpgradeCheck = 0830;
				ORGANIZATIONNAME = peteyP;
				TargetAttributes = {
					C1B82EE51F2BD40D007FFC7E = {
						CreatedOnToolsVersion = 8.3.3;
						DevelopmentTeam = Q9TDRU73EZ;
						ProvisioningStyle = Automatic;
					};
				};
			};
			buildConfigurationList = C1B82EE11F2BD40D007FFC7E /* Build configuration list for PBXProject "PSStackView" */;
			compatibilityVersion = "Xcode 3.2";
			developmentRegion = English;
			hasScannedForEncodings = 0;
			knownRegions = (
				en,
				Base,
			);
			mainGroup = C1B82EDD1F2BD40D007FFC7E;
			productRefGroup = C1B82EE71F2BD40D007FFC7E /* Products */;
			projectDirPath = "";
			projectRoot = "";
			targets = (
				C1B82EE51F2BD40D007FFC7E /* PSStackView */,
			);
		};
/* End PBXProject section */

/* Begin PBXResourcesBuildPhase section */
		C1B82EE41F2BD40D007FFC7E /* Resources */ = {
			isa = PBXResourcesBuildPhase;
			buildActionMask = 2147483647;
			files = (
				C10725461F2D3B030090023D /* PSStackView.xcassets in Resources */,
				C1B82EF41F2BD40D007FFC7E /* LaunchScreen.storyboard in Resources */,
				C1B82EEF1F2BD40D007FFC7E /* Main.storyboard in Resources */,
			);
			runOnlyForDeploymentPostprocessing = 0;
		};
/* End PBXResourcesBuildPhase section */

/* Begin PBXSourcesBuildPhase section */
		C1B82EE21F2BD40D007FFC7E /* Sources */ = {
			isa = PBXSourcesBuildPhase;
			buildActionMask = 2147483647;
			files = (
				C1B82EFC1F2BD422007FFC7E /* PSStackView.swift in Sources */,
				C1B82EEC1F2BD40D007FFC7E /* ViewController.swift in Sources */,
				C1B82EEA1F2BD40D007FFC7E /* AppDelegate.swift in Sources */,
			);
			runOnlyForDeploymentPostprocessing = 0;
		};
/* End PBXSourcesBuildPhase section */

/* Begin PBXVariantGroup section */
		C1B82EED1F2BD40D007FFC7E /* Main.storyboard */ = {
			isa = PBXVariantGroup;
			children = (
				C1B82EEE1F2BD40D007FFC7E /* Base */,
			);
			name = Main.storyboard;
			sourceTree = "<group>";
		};
		C1B82EF21F2BD40D007FFC7E /* LaunchScreen.storyboard */ = {
			isa = PBXVariantGroup;
			children = (
				C1B82EF31F2BD40D007FFC7E /* Base */,
			);
			name = LaunchScreen.storyboard;
			sourceTree = "<group>";
		};
/* End PBXVariantGroup section */

/* Begin XCBuildConfiguration section */
		C1B82EF61F2BD40D007FFC7E /* Debug */ = {
			isa = XCBuildConfiguration;
			buildSettings = {
				ALWAYS_SEARCH_USER_PATHS = NO;
				CLANG_ANALYZER_NONNULL = YES;
				CLANG_ANALYZER_NUMBER_OBJECT_CONVERSION = YES_AGGRESSIVE;
				CLANG_CXX_LANGUAGE_STANDARD = "gnu++0x";
				CLANG_CXX_LIBRARY = "libc++";
				CLANG_ENABLE_MODULES = YES;
				CLANG_ENABLE_OBJC_ARC = YES;
				CLANG_WARN_BOOL_CONVERSION = YES;
				CLANG_WARN_CONSTANT_CONVERSION = YES;
				CLANG_WARN_DIRECT_OBJC_ISA_USAGE = YES_ERROR;
				CLANG_WARN_DOCUMENTATION_COMMENTS = YES;
				CLANG_WARN_EMPTY_BODY = YES;
				CLANG_WARN_ENUM_CONVERSION = YES;
				CLANG_WARN_INFINITE_RECURSION = YES;
				CLANG_WARN_INT_CONVERSION = YES;
				CLANG_WARN_OBJC_ROOT_CLASS = YES_ERROR;
				CLANG_WARN_SUSPICIOUS_MOVE = YES;
				CLANG_WARN_UNREACHABLE_CODE = YES;
				CLANG_WARN__DUPLICATE_METHOD_MATCH = YES;
				"CODE_SIGN_IDENTITY[sdk=iphoneos*]" = "iPhone Developer";
				COPY_PHASE_STRIP = NO;
				DEBUG_INFORMATION_FORMAT = dwarf;
				ENABLE_STRICT_OBJC_MSGSEND = YES;
				ENABLE_TESTABILITY = YES;
				GCC_C_LANGUAGE_STANDARD = gnu99;
				GCC_DYNAMIC_NO_PIC = NO;
				GCC_NO_COMMON_BLOCKS = YES;
				GCC_OPTIMIZATION_LEVEL = 0;
				GCC_PREPROCESSOR_DEFINITIONS = (
					"DEBUG=1",
					"$(inherited)",
				);
				GCC_WARN_64_TO_32_BIT_CONVERSION = YES;
				GCC_WARN_ABOUT_RETURN_TYPE = YES_ERROR;
				GCC_WARN_UNDECLARED_SELECTOR = YES;
				GCC_WARN_UNINITIALIZED_AUTOS = YES_AGGRESSIVE;
				GCC_WARN_UNUSED_FUNCTION = YES;
				GCC_WARN_UNUSED_VARIABLE = YES;
				IPHONEOS_DEPLOYMENT_TARGET = 10.3;
				MTL_ENABLE_DEBUG_INFO = YES;
				ONLY_ACTIVE_ARCH = YES;
				SDKROOT = iphoneos;
				SWIFT_ACTIVE_COMPILATION_CONDITIONS = DEBUG;
				SWIFT_OPTIMIZATION_LEVEL = "-Onone";
				TARGETED_DEVICE_FAMILY = "1,2";
			};
			name = Debug;
		};
		C1B82EF71F2BD40D007FFC7E /* Release */ = {
			isa = XCBuildConfiguration;
			buildSettings = {
				ALWAYS_SEARCH_USER_PATHS = NO;
				CLANG_ANALYZER_NONNULL = YES;
				CLANG_ANALYZER_NUMBER_OBJECT_CONVERSION = YES_AGGRESSIVE;
				CLANG_CXX_LANGUAGE_STANDARD = "gnu++0x";
				CLANG_CXX_LIBRARY = "libc++";
				CLANG_ENABLE_MODULES = YES;
				CLANG_ENABLE_OBJC_ARC = YES;
				CLANG_WARN_BOOL_CONVERSION = YES;
				CLANG_WARN_CONSTANT_CONVERSION = YES;
				CLANG_WARN_DIRECT_OBJC_ISA_USAGE = YES_ERROR;
				CLANG_WARN_DOCUMENTATION_COMMENTS = YES;
				CLANG_WARN_EMPTY_BODY = YES;
				CLANG_WARN_ENUM_CONVERSION = YES;
				CLANG_WARN_INFINITE_RECURSION = YES;
				CLANG_WARN_INT_CONVERSION = YES;
				CLANG_WARN_OBJC_ROOT_CLASS = YES_ERROR;
				CLANG_WARN_SUSPICIOUS_MOVE = YES;
				CLANG_WARN_UNREACHABLE_CODE = YES;
				CLANG_WARN__DUPLICATE_METHOD_MATCH = YES;
				"CODE_SIGN_IDENTITY[sdk=iphoneos*]" = "iPhone Developer";
				COPY_PHASE_STRIP = NO;
				DEBUG_INFORMATION_FORMAT = "dwarf-with-dsym";
				ENABLE_NS_ASSERTIONS = NO;
				ENABLE_STRICT_OBJC_MSGSEND = YES;
				GCC_C_LANGUAGE_STANDARD = gnu99;
				GCC_NO_COMMON_BLOCKS = YES;
				GCC_WARN_64_TO_32_BIT_CONVERSION = YES;
				GCC_WARN_ABOUT_RETURN_TYPE = YES_ERROR;
				GCC_WARN_UNDECLARED_SELECTOR = YES;
				GCC_WARN_UNINITIALIZED_AUTOS = YES_AGGRESSIVE;
				GCC_WARN_UNUSED_FUNCTION = YES;
				GCC_WARN_UNUSED_VARIABLE = YES;
				IPHONEOS_DEPLOYMENT_TARGET = 10.3;
				MTL_ENABLE_DEBUG_INFO = NO;
				SDKROOT = iphoneos;
				SWIFT_OPTIMIZATION_LEVEL = "-Owholemodule";
				TARGETED_DEVICE_FAMILY = "1,2";
				VALIDATE_PRODUCT = YES;
			};
			name = Release;
		};
		C1B82EF91F2BD40D007FFC7E /* Debug */ = {
			isa = XCBuildConfiguration;
			buildSettings = {
				ASSETCATALOG_COMPILER_APPICON_NAME = AppIcon;
				DEVELOPMENT_TEAM = Q9TDRU73EZ;
				INFOPLIST_FILE = PSStackView/Info.plist;
				LD_RUNPATH_SEARCH_PATHS = "$(inherited) @executable_path/Frameworks";
				PRODUCT_BUNDLE_IDENTIFIER = com.peteyP.PSStackView;
				PRODUCT_NAME = "$(TARGET_NAME)";
				SWIFT_VERSION = 3.0;
			};
			name = Debug;
		};
		C1B82EFA1F2BD40D007FFC7E /* Release */ = {
			isa = XCBuildConfiguration;
			buildSettings = {
				ASSETCATALOG_COMPILER_APPICON_NAME = AppIcon;
				DEVELOPMENT_TEAM = Q9TDRU73EZ;
				INFOPLIST_FILE = PSStackView/Info.plist;
				LD_RUNPATH_SEARCH_PATHS = "$(inherited) @executable_path/Frameworks";
				PRODUCT_BUNDLE_IDENTIFIER = com.peteyP.PSStackView;
				PRODUCT_NAME = "$(TARGET_NAME)";
				SWIFT_VERSION = 3.0;
			};
			name = Release;
		};
/* End XCBuildConfiguration section */

/* Begin XCConfigurationList section */
		C1B82EE11F2BD40D007FFC7E /* Build configuration list for PBXProject "PSStackView" */ = {
			isa = XCConfigurationList;
			buildConfigurations = (
				C1B82EF61F2BD40D007FFC7E /* Debug */,
				C1B82EF71F2BD40D007FFC7E /* Release */,
			);
			defaultConfigurationIsVisible = 0;
			defaultConfigurationName = Release;
		};
		C1B82EF81F2BD40D007FFC7E /* Build configuration list for PBXNativeTarget "PSStackView" */ = {
			isa = XCConfigurationList;
			buildConfigurations = (
				C1B82EF91F2BD40D007FFC7E /* Debug */,
				C1B82EFA1F2BD40D007FFC7E /* Release */,
			);
			defaultConfigurationIsVisible = 0;
			defaultConfigurationName = Release;
		};
/* End XCConfigurationList section */
	};
	rootObject = C1B82EDE1F2BD40D007FFC7E /* Project object */;
}
